
Microsoft Visual Studio Solution File, Format Version 12.00
# Visual Studio 14
VisualStudioVersion = 14.0.22823.1
MinimumVisualStudioVersion = 10.0.40219.1
Project("{FAE04EC0-301F-11D3-BF4B-00C04F79EFBC}") = "Yuliya.Tests", "Yuliya.Tests\Yuliya.Tests.csproj", "{70E691F0-A9D6-4046-AC32-C10D69BA8A34}"
EndProject
Project("{FAE04EC0-301F-11D3-BF4B-00C04F79EFBC}") = "Yuliya.DAL", "Yuliya.DAL\Yuliya.DAL.csproj", "{44AED00B-39DF-43FB-B457-901762932C47}"
EndProject
Project("{FAE04EC0-301F-11D3-BF4B-00C04F79EFBC}") = "Yuliya.BL", "Yuliya.BL\Yuliya.BL.csproj", "{A0332D8F-DD65-462B-BF3B-19DFC09DB3DF}"
EndProject
Project("{FAE04EC0-301F-11D3-BF4B-00C04F79EFBC}") = "Yuliya.Web", "Yuliya.Web\Yuliya.Web.csproj", "{AB343C9A-859C-4B91-9FE7-BE9436373305}"
EndProject
Global
	GlobalSection(SolutionConfigurationPlatforms) = preSolution
		Debug|Any CPU = Debug|Any CPU
		Release|Any CPU = Release|Any CPU
	EndGlobalSection
	GlobalSection(ProjectConfigurationPlatforms) = postSolution
		{70E691F0-A9D6-4046-AC32-C10D69BA8A34}.Debug|Any CPU.ActiveCfg = Debug|Any CPU
		{70E691F0-A9D6-4046-AC32-C10D69BA8A34}.Debug|Any CPU.Build.0 = Debug|Any CPU
		{70E691F0-A9D6-4046-AC32-C10D69BA8A34}.Release|Any CPU.ActiveCfg = Release|Any CPU
		{70E691F0-A9D6-4046-AC32-C10D69BA8A34}.Release|Any CPU.Build.0 = Release|Any CPU
		{44AED00B-39DF-43FB-B457-901762932C47}.Debug|Any CPU.ActiveCfg = Debug|Any CPU
		{44AED00B-39DF-43FB-B457-901762932C47}.Debug|Any CPU.Build.0 = Debug|Any CPU
		{44AED00B-39DF-43FB-B457-901762932C47}.Release|Any CPU.ActiveCfg = Release|Any CPU
		{44AED00B-39DF-43FB-B457-901762932C47}.Release|Any CPU.Build.0 = Release|Any CPU
		{A0332D8F-DD65-462B-BF3B-19DFC09DB3DF}.Debug|Any CPU.ActiveCfg = Debug|Any CPU
		{A0332D8F-DD65-462B-BF3B-19DFC09DB3DF}.Debug|Any CPU.Build.0 = Debug|Any CPU
		{A0332D8F-DD65-462B-BF3B-19DFC09DB3DF}.Release|Any CPU.ActiveCfg = Release|Any CPU
		{A0332D8F-DD65-462B-BF3B-19DFC09DB3DF}.Release|Any CPU.Build.0 = Release|Any CPU
		{AB343C9A-859C-4B91-9FE7-BE9436373305}.Debug|Any CPU.ActiveCfg = Debug|Any CPU
		{AB343C9A-859C-4B91-9FE7-BE9436373305}.Debug|Any CPU.Build.0 = Debug|Any CPU
		{AB343C9A-859C-4B91-9FE7-BE9436373305}.Release|Any CPU.ActiveCfg = Release|Any CPU
		{AB343C9A-859C-4B91-9FE7-BE9436373305}.Release|Any CPU.Build.0 = Release|Any CPU
	EndGlobalSection
	GlobalSection(SolutionProperties) = preSolution
		HideSolutionNode = FALSE
	EndGlobalSection
EndGlobal
